
Microsoft Visual Studio Solution File, Format Version 12.00
# Visual Studio Version 16
VisualStudioVersion = 16.0.29519.181
MinimumVisualStudioVersion = 10.0.40219.1
Project("{FAE04EC0-301F-11D3-BF4B-00C04F79EFBC}") = "IsMyMusicComplete", "IsMyMusicComplete.csproj", "{16DB1852-6ACC-4540-8F1B-B69AC88C665C}"
EndProject
Global
	GlobalSection(SolutionConfigurationPlatforms) = preSolution
		Debug|Any CPU = Debug|Any CPU
		Release|Any CPU = Release|Any CPU
	EndGlobalSection
	GlobalSection(ProjectConfigurationPlatforms) = postSolution
		{16DB1852-6ACC-4540-8F1B-B69AC88C665C}.Debug|Any CPU.ActiveCfg = Debug|Any CPU
		{16DB1852-6ACC-4540-8F1B-B69AC88C665C}.Debug|Any CPU.Build.0 = Debug|Any CPU
		{16DB1852-6ACC-4540-8F1B-B69AC88C665C}.Release|Any CPU.ActiveCfg = Release|Any CPU
		{16DB1852-6ACC-4540-8F1B-B69AC88C665C}.Release|Any CPU.Build.0 = Release|Any CPU
	EndGlobalSection
	GlobalSection(SolutionProperties) = preSolution
		HideSolutionNode = FALSE
	EndGlobalSection
	GlobalSection(ExtensibilityGlobals) = postSolution
		SolutionGuid = {8FA03389-92F9-4CEB-A4A9-6CCFD74EBF0F}
	EndGlobalSection
EndGlobal
